
Microsoft Visual Studio Solution File, Format Version 12.00
# Visual Studio Version 17
VisualStudioVersion = 17.13.35913.81 d17.13
MinimumVisualStudioVersion = 10.0.40219.1
Project("{FAE04EC0-301F-11D3-BF4B-00C04F79EFBC}") = "DynamicCostChangeResource", "DynamicCostChangeResource.csproj", "{D7C28784-0AEA-4F14-A29B-601F4BED752A}"
EndProject
Project("{2150E333-8FDC-42A3-9474-1A3956D46DE8}") = "Internal", "Internal", "{02EA681E-C7D8-13C7-8484-4AC65E1B71E8}"
EndProject
Project("{2150E333-8FDC-42A3-9474-1A3956D46DE8}") = "Code Analysis", "Code Analysis", "{A42A354D-5DED-4553-8407-025A43A82697}"
	ProjectSection(SolutionItems) = preProject
		Internal\Code Analysis\qaction-debug.ruleset = Internal\Code Analysis\qaction-debug.ruleset
		Internal\Code Analysis\qaction-release.ruleset = Internal\Code Analysis\qaction-release.ruleset
		Internal\Code Analysis\stylecop.json = Internal\Code Analysis\stylecop.json
	EndProjectSection
EndProject
Global
	GlobalSection(SolutionConfigurationPlatforms) = preSolution
		Debug|Any CPU = Debug|Any CPU
		Release|Any CPU = Release|Any CPU
	EndGlobalSection
	GlobalSection(ProjectConfigurationPlatforms) = postSolution
		{D7C28784-0AEA-4F14-A29B-601F4BED752A}.Debug|Any CPU.ActiveCfg = Debug|Any CPU
		{D7C28784-0AEA-4F14-A29B-601F4BED752A}.Debug|Any CPU.Build.0 = Debug|Any CPU
		{D7C28784-0AEA-4F14-A29B-601F4BED752A}.Release|Any CPU.ActiveCfg = Release|Any CPU
		{D7C28784-0AEA-4F14-A29B-601F4BED752A}.Release|Any CPU.Build.0 = Release|Any CPU
	EndGlobalSection
	GlobalSection(SolutionProperties) = preSolution
		HideSolutionNode = FALSE
	EndGlobalSection
	GlobalSection(NestedProjects) = preSolution
		{A42A354D-5DED-4553-8407-025A43A82697} = {02EA681E-C7D8-13C7-8484-4AC65E1B71E8}
	EndGlobalSection
	GlobalSection(ExtensibilityGlobals) = postSolution
		SolutionGuid = {DCD471E3-7F39-4E90-B45A-8719CAD7709F}
	EndGlobalSection
EndGlobal
